
Microsoft Visual Studio Solution File, Format Version 12.00
# Visual Studio Version 16
VisualStudioVersion = 16.0.31624.102
MinimumVisualStudioVersion = 10.0.40219.1
Project("{FAE04EC0-301F-11D3-BF4B-00C04F79EFBC}") = "CustomerID", "CustomerID\CustomerID.csproj", "{EFFCC13D-C35E-4BCB-B7F5-B0B566E34320}"
EndProject
Global
	GlobalSection(SolutionConfigurationPlatforms) = preSolution
		Debug|Any CPU = Debug|Any CPU
		Release|Any CPU = Release|Any CPU
	EndGlobalSection
	GlobalSection(ProjectConfigurationPlatforms) = postSolution
		{EFFCC13D-C35E-4BCB-B7F5-B0B566E34320}.Debug|Any CPU.ActiveCfg = Debug|Any CPU
		{EFFCC13D-C35E-4BCB-B7F5-B0B566E34320}.Debug|Any CPU.Build.0 = Debug|Any CPU
		{EFFCC13D-C35E-4BCB-B7F5-B0B566E34320}.Release|Any CPU.ActiveCfg = Release|Any CPU
		{EFFCC13D-C35E-4BCB-B7F5-B0B566E34320}.Release|Any CPU.Build.0 = Release|Any CPU
	EndGlobalSection
	GlobalSection(SolutionProperties) = preSolution
		HideSolutionNode = FALSE
	EndGlobalSection
	GlobalSection(ExtensibilityGlobals) = postSolution
		SolutionGuid = {035E2318-0C87-48CF-8B0A-0DA5DE643CA8}
	EndGlobalSection
EndGlobal
