
Microsoft Visual Studio Solution File, Format Version 12.00
# Visual Studio Version 16
VisualStudioVersion = 16.0.31624.102
MinimumVisualStudioVersion = 10.0.40219.1
Project("{FAE04EC0-301F-11D3-BF4B-00C04F79EFBC}") = "PigGameTest", "PigGameTest\PigGameTest.csproj", "{118EBAAF-ABF4-40B9-9D3E-12EC0D10F7C4}"
EndProject
Global
	GlobalSection(SolutionConfigurationPlatforms) = preSolution
		Debug|Any CPU = Debug|Any CPU
		Release|Any CPU = Release|Any CPU
	EndGlobalSection
	GlobalSection(ProjectConfigurationPlatforms) = postSolution
		{118EBAAF-ABF4-40B9-9D3E-12EC0D10F7C4}.Debug|Any CPU.ActiveCfg = Debug|Any CPU
		{118EBAAF-ABF4-40B9-9D3E-12EC0D10F7C4}.Debug|Any CPU.Build.0 = Debug|Any CPU
		{118EBAAF-ABF4-40B9-9D3E-12EC0D10F7C4}.Release|Any CPU.ActiveCfg = Release|Any CPU
		{118EBAAF-ABF4-40B9-9D3E-12EC0D10F7C4}.Release|Any CPU.Build.0 = Release|Any CPU
	EndGlobalSection
	GlobalSection(SolutionProperties) = preSolution
		HideSolutionNode = FALSE
	EndGlobalSection
	GlobalSection(ExtensibilityGlobals) = postSolution
		SolutionGuid = {FF9DA1E2-92AA-4F2F-952A-64D9AB14098F}
	EndGlobalSection
EndGlobal
