
Microsoft Visual Studio Solution File, Format Version 12.00
# Visual Studio Version 16
VisualStudioVersion = 16.0.31624.102
MinimumVisualStudioVersion = 10.0.40219.1
Project("{FAE04EC0-301F-11D3-BF4B-00C04F79EFBC}") = "PublisherLib", "PublisherLib\PublisherLib.csproj", "{1A014F60-3DFA-4C49-AA4E-B38B60CB769E}"
EndProject
Project("{FAE04EC0-301F-11D3-BF4B-00C04F79EFBC}") = "SubscriberClient", "SubscriberClient\SubscriberClient.csproj", "{7C3CA3F8-C8E1-4168-B0D2-163016372824}"
EndProject
Global
	GlobalSection(SolutionConfigurationPlatforms) = preSolution
		Debug|Any CPU = Debug|Any CPU
		Release|Any CPU = Release|Any CPU
	EndGlobalSection
	GlobalSection(ProjectConfigurationPlatforms) = postSolution
		{1A014F60-3DFA-4C49-AA4E-B38B60CB769E}.Debug|Any CPU.ActiveCfg = Debug|Any CPU
		{1A014F60-3DFA-4C49-AA4E-B38B60CB769E}.Debug|Any CPU.Build.0 = Debug|Any CPU
		{1A014F60-3DFA-4C49-AA4E-B38B60CB769E}.Release|Any CPU.ActiveCfg = Release|Any CPU
		{1A014F60-3DFA-4C49-AA4E-B38B60CB769E}.Release|Any CPU.Build.0 = Release|Any CPU
		{7C3CA3F8-C8E1-4168-B0D2-163016372824}.Debug|Any CPU.ActiveCfg = Debug|Any CPU
		{7C3CA3F8-C8E1-4168-B0D2-163016372824}.Debug|Any CPU.Build.0 = Debug|Any CPU
		{7C3CA3F8-C8E1-4168-B0D2-163016372824}.Release|Any CPU.ActiveCfg = Release|Any CPU
		{7C3CA3F8-C8E1-4168-B0D2-163016372824}.Release|Any CPU.Build.0 = Release|Any CPU
	EndGlobalSection
	GlobalSection(SolutionProperties) = preSolution
		HideSolutionNode = FALSE
	EndGlobalSection
	GlobalSection(ExtensibilityGlobals) = postSolution
		SolutionGuid = {D84C6573-2856-411B-B760-18AEB62C8BBF}
	EndGlobalSection
EndGlobal
