
Microsoft Visual Studio Solution File, Format Version 12.00
# Visual Studio Version 16
VisualStudioVersion = 16.0.31624.102
MinimumVisualStudioVersion = 10.0.40219.1
Project("{FAE04EC0-301F-11D3-BF4B-00C04F79EFBC}") = "PigGameFinalTest", "PigGameFinalTest\PigGameFinalTest.csproj", "{D00D2D2C-C0B8-4CC4-B65C-600C63FAE9D0}"
EndProject
Global
	GlobalSection(SolutionConfigurationPlatforms) = preSolution
		Debug|Any CPU = Debug|Any CPU
		Release|Any CPU = Release|Any CPU
	EndGlobalSection
	GlobalSection(ProjectConfigurationPlatforms) = postSolution
		{D00D2D2C-C0B8-4CC4-B65C-600C63FAE9D0}.Debug|Any CPU.ActiveCfg = Debug|Any CPU
		{D00D2D2C-C0B8-4CC4-B65C-600C63FAE9D0}.Debug|Any CPU.Build.0 = Debug|Any CPU
		{D00D2D2C-C0B8-4CC4-B65C-600C63FAE9D0}.Release|Any CPU.ActiveCfg = Release|Any CPU
		{D00D2D2C-C0B8-4CC4-B65C-600C63FAE9D0}.Release|Any CPU.Build.0 = Release|Any CPU
	EndGlobalSection
	GlobalSection(SolutionProperties) = preSolution
		HideSolutionNode = FALSE
	EndGlobalSection
	GlobalSection(ExtensibilityGlobals) = postSolution
		SolutionGuid = {5B61FB5E-62DB-4A10-8445-7F1D5F9E22C0}
	EndGlobalSection
EndGlobal
