
Microsoft Visual Studio Solution File, Format Version 12.00
# Visual Studio Version 16
VisualStudioVersion = 16.0.31624.102
MinimumVisualStudioVersion = 10.0.40219.1
Project("{FAE04EC0-301F-11D3-BF4B-00C04F79EFBC}") = "SetGenericApp", "SetGenericApp\SetGenericApp.csproj", "{A1690640-B7F1-4A8C-8570-BC8C497741CC}"
EndProject
Global
	GlobalSection(SolutionConfigurationPlatforms) = preSolution
		Debug|Any CPU = Debug|Any CPU
		Release|Any CPU = Release|Any CPU
	EndGlobalSection
	GlobalSection(ProjectConfigurationPlatforms) = postSolution
		{A1690640-B7F1-4A8C-8570-BC8C497741CC}.Debug|Any CPU.ActiveCfg = Debug|Any CPU
		{A1690640-B7F1-4A8C-8570-BC8C497741CC}.Debug|Any CPU.Build.0 = Debug|Any CPU
		{A1690640-B7F1-4A8C-8570-BC8C497741CC}.Release|Any CPU.ActiveCfg = Release|Any CPU
		{A1690640-B7F1-4A8C-8570-BC8C497741CC}.Release|Any CPU.Build.0 = Release|Any CPU
	EndGlobalSection
	GlobalSection(SolutionProperties) = preSolution
		HideSolutionNode = FALSE
	EndGlobalSection
	GlobalSection(ExtensibilityGlobals) = postSolution
		SolutionGuid = {6B7D012B-E3C3-4240-BE89-B28331F7BCCE}
	EndGlobalSection
EndGlobal
