
Microsoft Visual Studio Solution File, Format Version 12.00
# Visual Studio Version 16
VisualStudioVersion = 16.0.31624.102
MinimumVisualStudioVersion = 10.0.40219.1
Project("{FAE04EC0-301F-11D3-BF4B-00C04F79EFBC}") = "AccountApp", "AccountApp\AccountApp.csproj", "{EC2F6B8B-4795-4E9C-8283-E9FA48B1C41D}"
EndProject
Global
	GlobalSection(SolutionConfigurationPlatforms) = preSolution
		Debug|Any CPU = Debug|Any CPU
		Release|Any CPU = Release|Any CPU
	EndGlobalSection
	GlobalSection(ProjectConfigurationPlatforms) = postSolution
		{EC2F6B8B-4795-4E9C-8283-E9FA48B1C41D}.Debug|Any CPU.ActiveCfg = Debug|Any CPU
		{EC2F6B8B-4795-4E9C-8283-E9FA48B1C41D}.Debug|Any CPU.Build.0 = Debug|Any CPU
		{EC2F6B8B-4795-4E9C-8283-E9FA48B1C41D}.Release|Any CPU.ActiveCfg = Release|Any CPU
		{EC2F6B8B-4795-4E9C-8283-E9FA48B1C41D}.Release|Any CPU.Build.0 = Release|Any CPU
	EndGlobalSection
	GlobalSection(SolutionProperties) = preSolution
		HideSolutionNode = FALSE
	EndGlobalSection
	GlobalSection(ExtensibilityGlobals) = postSolution
		SolutionGuid = {A8BF84B4-17B1-4756-BAE4-D0319C661E2E}
	EndGlobalSection
EndGlobal
