
Microsoft Visual Studio Solution File, Format Version 12.00
# Visual Studio Version 16
VisualStudioVersion = 16.0.31624.102
MinimumVisualStudioVersion = 10.0.40219.1
Project("{FAE04EC0-301F-11D3-BF4B-00C04F79EFBC}") = "AccountEventLib", "AccountEventLib\AccountEventLib.csproj", "{B545DF5F-4DC2-4795-87D7-F508381ECBA4}"
EndProject
Project("{FAE04EC0-301F-11D3-BF4B-00C04F79EFBC}") = "AccountEventHandler", "AccountEventHandler\AccountEventHandler.csproj", "{6D41C302-D885-4867-AE9D-21B5B3C960F3}"
EndProject
Global
	GlobalSection(SolutionConfigurationPlatforms) = preSolution
		Debug|Any CPU = Debug|Any CPU
		Release|Any CPU = Release|Any CPU
	EndGlobalSection
	GlobalSection(ProjectConfigurationPlatforms) = postSolution
		{B545DF5F-4DC2-4795-87D7-F508381ECBA4}.Debug|Any CPU.ActiveCfg = Debug|Any CPU
		{B545DF5F-4DC2-4795-87D7-F508381ECBA4}.Debug|Any CPU.Build.0 = Debug|Any CPU
		{B545DF5F-4DC2-4795-87D7-F508381ECBA4}.Release|Any CPU.ActiveCfg = Release|Any CPU
		{B545DF5F-4DC2-4795-87D7-F508381ECBA4}.Release|Any CPU.Build.0 = Release|Any CPU
		{6D41C302-D885-4867-AE9D-21B5B3C960F3}.Debug|Any CPU.ActiveCfg = Debug|Any CPU
		{6D41C302-D885-4867-AE9D-21B5B3C960F3}.Debug|Any CPU.Build.0 = Debug|Any CPU
		{6D41C302-D885-4867-AE9D-21B5B3C960F3}.Release|Any CPU.ActiveCfg = Release|Any CPU
		{6D41C302-D885-4867-AE9D-21B5B3C960F3}.Release|Any CPU.Build.0 = Release|Any CPU
	EndGlobalSection
	GlobalSection(SolutionProperties) = preSolution
		HideSolutionNode = FALSE
	EndGlobalSection
	GlobalSection(ExtensibilityGlobals) = postSolution
		SolutionGuid = {2D778B20-80B7-45BD-B3FA-ECE5FEE19183}
	EndGlobalSection
EndGlobal
