
Microsoft Visual Studio Solution File, Format Version 12.00
# Visual Studio Version 16
VisualStudioVersion = 16.0.31624.102
MinimumVisualStudioVersion = 10.0.40219.1
Project("{FAE04EC0-301F-11D3-BF4B-00C04F79EFBC}") = "DeserializationDemo", "DeserializationDemo\DeserializationDemo.csproj", "{6409750C-129E-427B-A65C-145B231D867A}"
EndProject
Global
	GlobalSection(SolutionConfigurationPlatforms) = preSolution
		Debug|Any CPU = Debug|Any CPU
		Release|Any CPU = Release|Any CPU
	EndGlobalSection
	GlobalSection(ProjectConfigurationPlatforms) = postSolution
		{6409750C-129E-427B-A65C-145B231D867A}.Debug|Any CPU.ActiveCfg = Debug|Any CPU
		{6409750C-129E-427B-A65C-145B231D867A}.Debug|Any CPU.Build.0 = Debug|Any CPU
		{6409750C-129E-427B-A65C-145B231D867A}.Release|Any CPU.ActiveCfg = Release|Any CPU
		{6409750C-129E-427B-A65C-145B231D867A}.Release|Any CPU.Build.0 = Release|Any CPU
	EndGlobalSection
	GlobalSection(SolutionProperties) = preSolution
		HideSolutionNode = FALSE
	EndGlobalSection
	GlobalSection(ExtensibilityGlobals) = postSolution
		SolutionGuid = {4500FE23-78C8-449A-AE43-A1E8147CB0D6}
	EndGlobalSection
EndGlobal
