
Microsoft Visual Studio Solution File, Format Version 12.00
# Visual Studio Version 16
VisualStudioVersion = 16.0.31624.102
MinimumVisualStudioVersion = 10.0.40219.1
Project("{FAE04EC0-301F-11D3-BF4B-00C04F79EFBC}") = "ShoppingCartLibF", "ShoppingCartLibF\ShoppingCartLibF.csproj", "{D212739F-FD25-4278-A575-CE9F8BA2DAA9}"
EndProject
Project("{FAE04EC0-301F-11D3-BF4B-00C04F79EFBC}") = "ShoppingCartLibTest", "ShoppingCartLibTest\ShoppingCartLibTest.csproj", "{CC69280F-C632-44F3-975E-C0F37AA9E529}"
EndProject
Project("{FAE04EC0-301F-11D3-BF4B-00C04F79EFBC}") = "ConsoleShoppingCartApp", "ConsoleShoppingCartApp\ConsoleShoppingCartApp.csproj", "{82B98703-AE85-478D-BE30-670034275368}"
EndProject
Global
	GlobalSection(SolutionConfigurationPlatforms) = preSolution
		Debug|Any CPU = Debug|Any CPU
		Release|Any CPU = Release|Any CPU
	EndGlobalSection
	GlobalSection(ProjectConfigurationPlatforms) = postSolution
		{D212739F-FD25-4278-A575-CE9F8BA2DAA9}.Debug|Any CPU.ActiveCfg = Debug|Any CPU
		{D212739F-FD25-4278-A575-CE9F8BA2DAA9}.Debug|Any CPU.Build.0 = Debug|Any CPU
		{D212739F-FD25-4278-A575-CE9F8BA2DAA9}.Release|Any CPU.ActiveCfg = Release|Any CPU
		{D212739F-FD25-4278-A575-CE9F8BA2DAA9}.Release|Any CPU.Build.0 = Release|Any CPU
		{CC69280F-C632-44F3-975E-C0F37AA9E529}.Debug|Any CPU.ActiveCfg = Debug|Any CPU
		{CC69280F-C632-44F3-975E-C0F37AA9E529}.Debug|Any CPU.Build.0 = Debug|Any CPU
		{CC69280F-C632-44F3-975E-C0F37AA9E529}.Release|Any CPU.ActiveCfg = Release|Any CPU
		{CC69280F-C632-44F3-975E-C0F37AA9E529}.Release|Any CPU.Build.0 = Release|Any CPU
		{82B98703-AE85-478D-BE30-670034275368}.Debug|Any CPU.ActiveCfg = Debug|Any CPU
		{82B98703-AE85-478D-BE30-670034275368}.Debug|Any CPU.Build.0 = Debug|Any CPU
		{82B98703-AE85-478D-BE30-670034275368}.Release|Any CPU.ActiveCfg = Release|Any CPU
		{82B98703-AE85-478D-BE30-670034275368}.Release|Any CPU.Build.0 = Release|Any CPU
	EndGlobalSection
	GlobalSection(SolutionProperties) = preSolution
		HideSolutionNode = FALSE
	EndGlobalSection
	GlobalSection(ExtensibilityGlobals) = postSolution
		SolutionGuid = {5C2D417A-C0D9-4492-9EAF-8914D5ACA3AE}
	EndGlobalSection
EndGlobal
