
Microsoft Visual Studio Solution File, Format Version 12.00
# Visual Studio Version 16
VisualStudioVersion = 16.0.31624.102
MinimumVisualStudioVersion = 10.0.40219.1
Project("{FAE04EC0-301F-11D3-BF4B-00C04F79EFBC}") = "AdvaitCalcLib", "AdvaitCalcLib\AdvaitCalcLib.csproj", "{0777FEEE-D811-4E5F-B290-816A2B8E78ED}"
EndProject
Global
	GlobalSection(SolutionConfigurationPlatforms) = preSolution
		Debug|Any CPU = Debug|Any CPU
		Release|Any CPU = Release|Any CPU
	EndGlobalSection
	GlobalSection(ProjectConfigurationPlatforms) = postSolution
		{0777FEEE-D811-4E5F-B290-816A2B8E78ED}.Debug|Any CPU.ActiveCfg = Debug|Any CPU
		{0777FEEE-D811-4E5F-B290-816A2B8E78ED}.Debug|Any CPU.Build.0 = Debug|Any CPU
		{0777FEEE-D811-4E5F-B290-816A2B8E78ED}.Release|Any CPU.ActiveCfg = Release|Any CPU
		{0777FEEE-D811-4E5F-B290-816A2B8E78ED}.Release|Any CPU.Build.0 = Release|Any CPU
	EndGlobalSection
	GlobalSection(SolutionProperties) = preSolution
		HideSolutionNode = FALSE
	EndGlobalSection
	GlobalSection(ExtensibilityGlobals) = postSolution
		SolutionGuid = {BB50835D-AFA0-4488-B90A-58BAE50ECC84}
	EndGlobalSection
EndGlobal
