
Microsoft Visual Studio Solution File, Format Version 12.00
# Visual Studio Version 16
VisualStudioVersion = 16.0.31624.102
MinimumVisualStudioVersion = 10.0.40219.1
Project("{FAE04EC0-301F-11D3-BF4B-00C04F79EFBC}") = "WelcomeApp", "WelcomeApp\WelcomeApp.csproj", "{55A4857E-F954-46F5-90B6-57A391AC7C27}"
EndProject
Global
	GlobalSection(SolutionConfigurationPlatforms) = preSolution
		Debug|Any CPU = Debug|Any CPU
		Release|Any CPU = Release|Any CPU
	EndGlobalSection
	GlobalSection(ProjectConfigurationPlatforms) = postSolution
		{55A4857E-F954-46F5-90B6-57A391AC7C27}.Debug|Any CPU.ActiveCfg = Debug|Any CPU
		{55A4857E-F954-46F5-90B6-57A391AC7C27}.Debug|Any CPU.Build.0 = Debug|Any CPU
		{55A4857E-F954-46F5-90B6-57A391AC7C27}.Release|Any CPU.ActiveCfg = Release|Any CPU
		{55A4857E-F954-46F5-90B6-57A391AC7C27}.Release|Any CPU.Build.0 = Release|Any CPU
	EndGlobalSection
	GlobalSection(SolutionProperties) = preSolution
		HideSolutionNode = FALSE
	EndGlobalSection
	GlobalSection(ExtensibilityGlobals) = postSolution
		SolutionGuid = {48D138B9-D82E-4FEF-9977-B75015C5A5CD}
	EndGlobalSection
EndGlobal
