
Microsoft Visual Studio Solution File, Format Version 12.00
# Visual Studio Version 16
VisualStudioVersion = 16.0.31624.102
MinimumVisualStudioVersion = 10.0.40219.1
Project("{FAE04EC0-301F-11D3-BF4B-00C04F79EFBC}") = "RectangleLib", "RectangleLib\RectangleLib.csproj", "{46C51749-3F31-467C-8BE0-139F779A9C9B}"
EndProject
Project("{FAE04EC0-301F-11D3-BF4B-00C04F79EFBC}") = "Rectangle1App", "Rectangle1App\Rectangle1App.csproj", "{A08A6C6C-498F-4C24-8E50-0851D3CA6DB3}"
EndProject
Global
	GlobalSection(SolutionConfigurationPlatforms) = preSolution
		Debug|Any CPU = Debug|Any CPU
		Release|Any CPU = Release|Any CPU
	EndGlobalSection
	GlobalSection(ProjectConfigurationPlatforms) = postSolution
		{46C51749-3F31-467C-8BE0-139F779A9C9B}.Debug|Any CPU.ActiveCfg = Debug|Any CPU
		{46C51749-3F31-467C-8BE0-139F779A9C9B}.Debug|Any CPU.Build.0 = Debug|Any CPU
		{46C51749-3F31-467C-8BE0-139F779A9C9B}.Release|Any CPU.ActiveCfg = Release|Any CPU
		{46C51749-3F31-467C-8BE0-139F779A9C9B}.Release|Any CPU.Build.0 = Release|Any CPU
		{A08A6C6C-498F-4C24-8E50-0851D3CA6DB3}.Debug|Any CPU.ActiveCfg = Debug|Any CPU
		{A08A6C6C-498F-4C24-8E50-0851D3CA6DB3}.Debug|Any CPU.Build.0 = Debug|Any CPU
		{A08A6C6C-498F-4C24-8E50-0851D3CA6DB3}.Release|Any CPU.ActiveCfg = Release|Any CPU
		{A08A6C6C-498F-4C24-8E50-0851D3CA6DB3}.Release|Any CPU.Build.0 = Release|Any CPU
	EndGlobalSection
	GlobalSection(SolutionProperties) = preSolution
		HideSolutionNode = FALSE
	EndGlobalSection
	GlobalSection(ExtensibilityGlobals) = postSolution
		SolutionGuid = {005A3C20-94DB-4A8F-B018-906E41645CFC}
	EndGlobalSection
EndGlobal
