
Microsoft Visual Studio Solution File, Format Version 12.00
# Visual Studio Version 16
VisualStudioVersion = 16.0.31624.102
MinimumVisualStudioVersion = 10.0.40219.1
Project("{FAE04EC0-301F-11D3-BF4B-00C04F79EFBC}") = "DeadlyDiamondOfDeath", "DeadlyDiamondOfDeath\DeadlyDiamondOfDeath.csproj", "{32C4059C-7DA6-4848-8179-AD93305ED5F8}"
EndProject
Global
	GlobalSection(SolutionConfigurationPlatforms) = preSolution
		Debug|Any CPU = Debug|Any CPU
		Release|Any CPU = Release|Any CPU
	EndGlobalSection
	GlobalSection(ProjectConfigurationPlatforms) = postSolution
		{32C4059C-7DA6-4848-8179-AD93305ED5F8}.Debug|Any CPU.ActiveCfg = Debug|Any CPU
		{32C4059C-7DA6-4848-8179-AD93305ED5F8}.Debug|Any CPU.Build.0 = Debug|Any CPU
		{32C4059C-7DA6-4848-8179-AD93305ED5F8}.Release|Any CPU.ActiveCfg = Release|Any CPU
		{32C4059C-7DA6-4848-8179-AD93305ED5F8}.Release|Any CPU.Build.0 = Release|Any CPU
	EndGlobalSection
	GlobalSection(SolutionProperties) = preSolution
		HideSolutionNode = FALSE
	EndGlobalSection
	GlobalSection(ExtensibilityGlobals) = postSolution
		SolutionGuid = {DA8D1A99-A954-4C6F-B2CD-BBF34D7A962D}
	EndGlobalSection
EndGlobal
