
Microsoft Visual Studio Solution File, Format Version 12.00
# Visual Studio Version 16
VisualStudioVersion = 16.0.31624.102
MinimumVisualStudioVersion = 10.0.40219.1
Project("{FAE04EC0-301F-11D3-BF4B-00C04F79EFBC}") = "FactoryMethodLib", "FactoryMethodLib\FactoryMethodLib.csproj", "{A9DF7F8B-BF12-4969-9174-253CA4E62212}"
EndProject
Project("{FAE04EC0-301F-11D3-BF4B-00C04F79EFBC}") = "FactoryMethodClientApp", "FactoryMethodClientApp\FactoryMethodClientApp.csproj", "{7EA24536-53B0-425A-9761-005FE266EDE2}"
EndProject
Global
	GlobalSection(SolutionConfigurationPlatforms) = preSolution
		Debug|Any CPU = Debug|Any CPU
		Release|Any CPU = Release|Any CPU
	EndGlobalSection
	GlobalSection(ProjectConfigurationPlatforms) = postSolution
		{A9DF7F8B-BF12-4969-9174-253CA4E62212}.Debug|Any CPU.ActiveCfg = Debug|Any CPU
		{A9DF7F8B-BF12-4969-9174-253CA4E62212}.Debug|Any CPU.Build.0 = Debug|Any CPU
		{A9DF7F8B-BF12-4969-9174-253CA4E62212}.Release|Any CPU.ActiveCfg = Release|Any CPU
		{A9DF7F8B-BF12-4969-9174-253CA4E62212}.Release|Any CPU.Build.0 = Release|Any CPU
		{7EA24536-53B0-425A-9761-005FE266EDE2}.Debug|Any CPU.ActiveCfg = Debug|Any CPU
		{7EA24536-53B0-425A-9761-005FE266EDE2}.Debug|Any CPU.Build.0 = Debug|Any CPU
		{7EA24536-53B0-425A-9761-005FE266EDE2}.Release|Any CPU.ActiveCfg = Release|Any CPU
		{7EA24536-53B0-425A-9761-005FE266EDE2}.Release|Any CPU.Build.0 = Release|Any CPU
	EndGlobalSection
	GlobalSection(SolutionProperties) = preSolution
		HideSolutionNode = FALSE
	EndGlobalSection
	GlobalSection(ExtensibilityGlobals) = postSolution
		SolutionGuid = {E59DEEB9-9BBC-48C7-9988-8D63BC801902}
	EndGlobalSection
EndGlobal
