
Microsoft Visual Studio Solution File, Format Version 12.00
# Visual Studio Version 16
VisualStudioVersion = 16.0.31624.102
MinimumVisualStudioVersion = 10.0.40219.1
Project("{2150E333-8FDC-42A3-9474-1A3956D46DE8}") = "Solution Items", "Solution Items", "{0539C4AF-2A97-4C03-9EC8-85C28ED60148}"
EndProject
Project("{FAE04EC0-301F-11D3-BF4B-00C04F79EFBC}") = "ShoppingCartLib", "ShoppingCartLib\ShoppingCartLib.csproj", "{9DDE25AE-50DE-4CFF-A45C-28A4AEABE216}"
EndProject
Project("{FAE04EC0-301F-11D3-BF4B-00C04F79EFBC}") = "ShoppingCartLib.Test", "ShoppingCartUnitTest.Test\ShoppingCartLib.Test.csproj", "{4A24C925-3F34-4224-BAE4-12FB226B5D0C}"
EndProject
Global
	GlobalSection(SolutionConfigurationPlatforms) = preSolution
		Debug|Any CPU = Debug|Any CPU
		Release|Any CPU = Release|Any CPU
	EndGlobalSection
	GlobalSection(ProjectConfigurationPlatforms) = postSolution
		{9DDE25AE-50DE-4CFF-A45C-28A4AEABE216}.Debug|Any CPU.ActiveCfg = Debug|Any CPU
		{9DDE25AE-50DE-4CFF-A45C-28A4AEABE216}.Debug|Any CPU.Build.0 = Debug|Any CPU
		{9DDE25AE-50DE-4CFF-A45C-28A4AEABE216}.Release|Any CPU.ActiveCfg = Release|Any CPU
		{9DDE25AE-50DE-4CFF-A45C-28A4AEABE216}.Release|Any CPU.Build.0 = Release|Any CPU
		{4A24C925-3F34-4224-BAE4-12FB226B5D0C}.Debug|Any CPU.ActiveCfg = Debug|Any CPU
		{4A24C925-3F34-4224-BAE4-12FB226B5D0C}.Debug|Any CPU.Build.0 = Debug|Any CPU
		{4A24C925-3F34-4224-BAE4-12FB226B5D0C}.Release|Any CPU.ActiveCfg = Release|Any CPU
		{4A24C925-3F34-4224-BAE4-12FB226B5D0C}.Release|Any CPU.Build.0 = Release|Any CPU
	EndGlobalSection
	GlobalSection(SolutionProperties) = preSolution
		HideSolutionNode = FALSE
	EndGlobalSection
	GlobalSection(NestedProjects) = preSolution
		{9DDE25AE-50DE-4CFF-A45C-28A4AEABE216} = {0539C4AF-2A97-4C03-9EC8-85C28ED60148}
	EndGlobalSection
	GlobalSection(ExtensibilityGlobals) = postSolution
		SolutionGuid = {DD224497-1E92-4441-9C4C-B5BEE4265400}
	EndGlobalSection
EndGlobal
