
Microsoft Visual Studio Solution File, Format Version 12.00
# Visual Studio Version 16
VisualStudioVersion = 16.0.31624.102
MinimumVisualStudioVersion = 10.0.40219.1
Project("{FAE04EC0-301F-11D3-BF4B-00C04F79EFBC}") = "RectangleEncapsulationApp", "RectangleEncapsulationApp\RectangleEncapsulationApp.csproj", "{465A75C9-FE74-404E-8176-EB8468B1B171}"
EndProject
Global
	GlobalSection(SolutionConfigurationPlatforms) = preSolution
		Debug|Any CPU = Debug|Any CPU
		Release|Any CPU = Release|Any CPU
	EndGlobalSection
	GlobalSection(ProjectConfigurationPlatforms) = postSolution
		{465A75C9-FE74-404E-8176-EB8468B1B171}.Debug|Any CPU.ActiveCfg = Debug|Any CPU
		{465A75C9-FE74-404E-8176-EB8468B1B171}.Debug|Any CPU.Build.0 = Debug|Any CPU
		{465A75C9-FE74-404E-8176-EB8468B1B171}.Release|Any CPU.ActiveCfg = Release|Any CPU
		{465A75C9-FE74-404E-8176-EB8468B1B171}.Release|Any CPU.Build.0 = Release|Any CPU
	EndGlobalSection
	GlobalSection(SolutionProperties) = preSolution
		HideSolutionNode = FALSE
	EndGlobalSection
	GlobalSection(ExtensibilityGlobals) = postSolution
		SolutionGuid = {307A2A3B-473E-460A-AED6-B5E2609602B4}
	EndGlobalSection
EndGlobal
