
Microsoft Visual Studio Solution File, Format Version 12.00
# Visual Studio Version 16
VisualStudioVersion = 16.0.31624.102
MinimumVisualStudioVersion = 10.0.40219.1
Project("{FAE04EC0-301F-11D3-BF4B-00C04F79EFBC}") = "FileReadWriteApp", "FileReadWriteApp\FileReadWriteApp.csproj", "{35804A20-B6B5-4D55-BCD5-AD7EB790467C}"
EndProject
Global
	GlobalSection(SolutionConfigurationPlatforms) = preSolution
		Debug|Any CPU = Debug|Any CPU
		Release|Any CPU = Release|Any CPU
	EndGlobalSection
	GlobalSection(ProjectConfigurationPlatforms) = postSolution
		{35804A20-B6B5-4D55-BCD5-AD7EB790467C}.Debug|Any CPU.ActiveCfg = Debug|Any CPU
		{35804A20-B6B5-4D55-BCD5-AD7EB790467C}.Debug|Any CPU.Build.0 = Debug|Any CPU
		{35804A20-B6B5-4D55-BCD5-AD7EB790467C}.Release|Any CPU.ActiveCfg = Release|Any CPU
		{35804A20-B6B5-4D55-BCD5-AD7EB790467C}.Release|Any CPU.Build.0 = Release|Any CPU
	EndGlobalSection
	GlobalSection(SolutionProperties) = preSolution
		HideSolutionNode = FALSE
	EndGlobalSection
	GlobalSection(ExtensibilityGlobals) = postSolution
		SolutionGuid = {3375F850-B570-4072-8B12-5EBFFFE1915B}
	EndGlobalSection
EndGlobal
