
Microsoft Visual Studio Solution File, Format Version 12.00
# Visual Studio Version 16
VisualStudioVersion = 16.0.31624.102
MinimumVisualStudioVersion = 10.0.40219.1
Project("{FAE04EC0-301F-11D3-BF4B-00C04F79EFBC}") = "TaskSumAvg", "TaskSumAvg\TaskSumAvg.csproj", "{CA6A0757-8B28-4E3E-BF31-380C6E04FA26}"
EndProject
Global
	GlobalSection(SolutionConfigurationPlatforms) = preSolution
		Debug|Any CPU = Debug|Any CPU
		Release|Any CPU = Release|Any CPU
	EndGlobalSection
	GlobalSection(ProjectConfigurationPlatforms) = postSolution
		{CA6A0757-8B28-4E3E-BF31-380C6E04FA26}.Debug|Any CPU.ActiveCfg = Debug|Any CPU
		{CA6A0757-8B28-4E3E-BF31-380C6E04FA26}.Debug|Any CPU.Build.0 = Debug|Any CPU
		{CA6A0757-8B28-4E3E-BF31-380C6E04FA26}.Release|Any CPU.ActiveCfg = Release|Any CPU
		{CA6A0757-8B28-4E3E-BF31-380C6E04FA26}.Release|Any CPU.Build.0 = Release|Any CPU
	EndGlobalSection
	GlobalSection(SolutionProperties) = preSolution
		HideSolutionNode = FALSE
	EndGlobalSection
	GlobalSection(ExtensibilityGlobals) = postSolution
		SolutionGuid = {2FDF1A7C-FEF0-4926-BD2D-7EE8509EAEA7}
	EndGlobalSection
EndGlobal
