
Microsoft Visual Studio Solution File, Format Version 12.00
# Visual Studio Version 16
VisualStudioVersion = 16.0.31624.102
MinimumVisualStudioVersion = 10.0.40219.1
Project("{FAE04EC0-301F-11D3-BF4B-00C04F79EFBC}") = "AccountToStringEqualityApp", "AccountToStringEqualityApp\AccountToStringEqualityApp.csproj", "{F53ACD8A-B470-4742-AA0E-7BB8D033AE6F}"
EndProject
Global
	GlobalSection(SolutionConfigurationPlatforms) = preSolution
		Debug|Any CPU = Debug|Any CPU
		Release|Any CPU = Release|Any CPU
	EndGlobalSection
	GlobalSection(ProjectConfigurationPlatforms) = postSolution
		{F53ACD8A-B470-4742-AA0E-7BB8D033AE6F}.Debug|Any CPU.ActiveCfg = Debug|Any CPU
		{F53ACD8A-B470-4742-AA0E-7BB8D033AE6F}.Debug|Any CPU.Build.0 = Debug|Any CPU
		{F53ACD8A-B470-4742-AA0E-7BB8D033AE6F}.Release|Any CPU.ActiveCfg = Release|Any CPU
		{F53ACD8A-B470-4742-AA0E-7BB8D033AE6F}.Release|Any CPU.Build.0 = Release|Any CPU
	EndGlobalSection
	GlobalSection(SolutionProperties) = preSolution
		HideSolutionNode = FALSE
	EndGlobalSection
	GlobalSection(ExtensibilityGlobals) = postSolution
		SolutionGuid = {0B2F5FC5-8E8F-4E48-A574-C776B28CA662}
	EndGlobalSection
EndGlobal
