
Microsoft Visual Studio Solution File, Format Version 12.00
# Visual Studio Version 16
VisualStudioVersion = 16.0.31624.102
MinimumVisualStudioVersion = 10.0.40219.1
Project("{FAE04EC0-301F-11D3-BF4B-00C04F79EFBC}") = "FunctionApp1", "FunctionApp1\FunctionApp1.csproj", "{18150A35-4A63-4D7B-B11A-F7ED1160AFEB}"
EndProject
Global
	GlobalSection(SolutionConfigurationPlatforms) = preSolution
		Debug|Any CPU = Debug|Any CPU
		Release|Any CPU = Release|Any CPU
	EndGlobalSection
	GlobalSection(ProjectConfigurationPlatforms) = postSolution
		{18150A35-4A63-4D7B-B11A-F7ED1160AFEB}.Debug|Any CPU.ActiveCfg = Debug|Any CPU
		{18150A35-4A63-4D7B-B11A-F7ED1160AFEB}.Debug|Any CPU.Build.0 = Debug|Any CPU
		{18150A35-4A63-4D7B-B11A-F7ED1160AFEB}.Release|Any CPU.ActiveCfg = Release|Any CPU
		{18150A35-4A63-4D7B-B11A-F7ED1160AFEB}.Release|Any CPU.Build.0 = Release|Any CPU
	EndGlobalSection
	GlobalSection(SolutionProperties) = preSolution
		HideSolutionNode = FALSE
	EndGlobalSection
	GlobalSection(ExtensibilityGlobals) = postSolution
		SolutionGuid = {B51439C0-D989-401C-95C9-AF3DBF61B4B5}
	EndGlobalSection
EndGlobal
