
Microsoft Visual Studio Solution File, Format Version 12.00
# Visual Studio Version 16
VisualStudioVersion = 16.0.31624.102
MinimumVisualStudioVersion = 10.0.40219.1
Project("{FAE04EC0-301F-11D3-BF4B-00C04F79EFBC}") = "GuessDemo", "GuessDemo\GuessDemo.csproj", "{A51587C1-ECF3-4B07-AD8E-F0617CBE365A}"
EndProject
Global
	GlobalSection(SolutionConfigurationPlatforms) = preSolution
		Debug|Any CPU = Debug|Any CPU
		Release|Any CPU = Release|Any CPU
	EndGlobalSection
	GlobalSection(ProjectConfigurationPlatforms) = postSolution
		{A51587C1-ECF3-4B07-AD8E-F0617CBE365A}.Debug|Any CPU.ActiveCfg = Debug|Any CPU
		{A51587C1-ECF3-4B07-AD8E-F0617CBE365A}.Debug|Any CPU.Build.0 = Debug|Any CPU
		{A51587C1-ECF3-4B07-AD8E-F0617CBE365A}.Release|Any CPU.ActiveCfg = Release|Any CPU
		{A51587C1-ECF3-4B07-AD8E-F0617CBE365A}.Release|Any CPU.Build.0 = Release|Any CPU
	EndGlobalSection
	GlobalSection(SolutionProperties) = preSolution
		HideSolutionNode = FALSE
	EndGlobalSection
	GlobalSection(ExtensibilityGlobals) = postSolution
		SolutionGuid = {8C46FE28-FE9C-42D4-9C8D-6E58EA2F029D}
	EndGlobalSection
EndGlobal
