
Microsoft Visual Studio Solution File, Format Version 12.00
# Visual Studio Version 16
VisualStudioVersion = 16.0.31624.102
MinimumVisualStudioVersion = 10.0.40219.1
Project("{FAE04EC0-301F-11D3-BF4B-00C04F79EFBC}") = "GuessGameApp", "GuessGameApp\GuessGameApp.csproj", "{53B0CC9D-3AAA-406D-B4B6-D1FD24C81BE9}"
EndProject
Global
	GlobalSection(SolutionConfigurationPlatforms) = preSolution
		Debug|Any CPU = Debug|Any CPU
		Release|Any CPU = Release|Any CPU
	EndGlobalSection
	GlobalSection(ProjectConfigurationPlatforms) = postSolution
		{53B0CC9D-3AAA-406D-B4B6-D1FD24C81BE9}.Debug|Any CPU.ActiveCfg = Debug|Any CPU
		{53B0CC9D-3AAA-406D-B4B6-D1FD24C81BE9}.Debug|Any CPU.Build.0 = Debug|Any CPU
		{53B0CC9D-3AAA-406D-B4B6-D1FD24C81BE9}.Release|Any CPU.ActiveCfg = Release|Any CPU
		{53B0CC9D-3AAA-406D-B4B6-D1FD24C81BE9}.Release|Any CPU.Build.0 = Release|Any CPU
	EndGlobalSection
	GlobalSection(SolutionProperties) = preSolution
		HideSolutionNode = FALSE
	EndGlobalSection
	GlobalSection(ExtensibilityGlobals) = postSolution
		SolutionGuid = {1A6EA4A1-6ADB-42B9-801F-30A9C66DD557}
	EndGlobalSection
EndGlobal
