
Microsoft Visual Studio Solution File, Format Version 12.00
# Visual Studio Version 16
VisualStudioVersion = 16.0.31624.102
MinimumVisualStudioVersion = 10.0.40219.1
Project("{FAE04EC0-301F-11D3-BF4B-00C04F79EFBC}") = "HumanPropertyApp", "HumanPropertyApp\HumanPropertyApp.csproj", "{0254DD6F-2072-4C03-97FD-91B940D49CB1}"
EndProject
Global
	GlobalSection(SolutionConfigurationPlatforms) = preSolution
		Debug|Any CPU = Debug|Any CPU
		Release|Any CPU = Release|Any CPU
	EndGlobalSection
	GlobalSection(ProjectConfigurationPlatforms) = postSolution
		{0254DD6F-2072-4C03-97FD-91B940D49CB1}.Debug|Any CPU.ActiveCfg = Debug|Any CPU
		{0254DD6F-2072-4C03-97FD-91B940D49CB1}.Debug|Any CPU.Build.0 = Debug|Any CPU
		{0254DD6F-2072-4C03-97FD-91B940D49CB1}.Release|Any CPU.ActiveCfg = Release|Any CPU
		{0254DD6F-2072-4C03-97FD-91B940D49CB1}.Release|Any CPU.Build.0 = Release|Any CPU
	EndGlobalSection
	GlobalSection(SolutionProperties) = preSolution
		HideSolutionNode = FALSE
	EndGlobalSection
	GlobalSection(ExtensibilityGlobals) = postSolution
		SolutionGuid = {FB710F43-4CF2-4E1E-B3FB-92C2AA16D9FD}
	EndGlobalSection
EndGlobal
