
Microsoft Visual Studio Solution File, Format Version 12.00
# Visual Studio Version 16
VisualStudioVersion = 16.0.31624.102
MinimumVisualStudioVersion = 10.0.40219.1
Project("{FAE04EC0-301F-11D3-BF4B-00C04F79EFBC}") = "DIPViolationApp", "DIPViolationApp\DIPViolationApp.csproj", "{C753FC9F-0C1E-4BF0-B3B1-E7574470DB9F}"
EndProject
Project("{FAE04EC0-301F-11D3-BF4B-00C04F79EFBC}") = "DIPSolutionApp", "DIPSolutionApp\DIPSolutionApp.csproj", "{9598DBE8-5422-49A2-99ED-A36533DE020A}"
EndProject
Global
	GlobalSection(SolutionConfigurationPlatforms) = preSolution
		Debug|Any CPU = Debug|Any CPU
		Release|Any CPU = Release|Any CPU
	EndGlobalSection
	GlobalSection(ProjectConfigurationPlatforms) = postSolution
		{C753FC9F-0C1E-4BF0-B3B1-E7574470DB9F}.Debug|Any CPU.ActiveCfg = Debug|Any CPU
		{C753FC9F-0C1E-4BF0-B3B1-E7574470DB9F}.Debug|Any CPU.Build.0 = Debug|Any CPU
		{C753FC9F-0C1E-4BF0-B3B1-E7574470DB9F}.Release|Any CPU.ActiveCfg = Release|Any CPU
		{C753FC9F-0C1E-4BF0-B3B1-E7574470DB9F}.Release|Any CPU.Build.0 = Release|Any CPU
		{9598DBE8-5422-49A2-99ED-A36533DE020A}.Debug|Any CPU.ActiveCfg = Debug|Any CPU
		{9598DBE8-5422-49A2-99ED-A36533DE020A}.Debug|Any CPU.Build.0 = Debug|Any CPU
		{9598DBE8-5422-49A2-99ED-A36533DE020A}.Release|Any CPU.ActiveCfg = Release|Any CPU
		{9598DBE8-5422-49A2-99ED-A36533DE020A}.Release|Any CPU.Build.0 = Release|Any CPU
	EndGlobalSection
	GlobalSection(SolutionProperties) = preSolution
		HideSolutionNode = FALSE
	EndGlobalSection
	GlobalSection(ExtensibilityGlobals) = postSolution
		SolutionGuid = {2CD2A96D-1D24-46A1-9A4D-B0A180360F1D}
	EndGlobalSection
EndGlobal
