
Microsoft Visual Studio Solution File, Format Version 12.00
# Visual Studio Version 16
VisualStudioVersion = 16.0.31624.102
MinimumVisualStudioVersion = 10.0.40219.1
Project("{FAE04EC0-301F-11D3-BF4B-00C04F79EFBC}") = "PassByRef", "PassByRef\PassByRef.csproj", "{7921C24C-2139-41FD-ADE8-278FC1DF5E6E}"
EndProject
Global
	GlobalSection(SolutionConfigurationPlatforms) = preSolution
		Debug|Any CPU = Debug|Any CPU
		Release|Any CPU = Release|Any CPU
	EndGlobalSection
	GlobalSection(ProjectConfigurationPlatforms) = postSolution
		{7921C24C-2139-41FD-ADE8-278FC1DF5E6E}.Debug|Any CPU.ActiveCfg = Debug|Any CPU
		{7921C24C-2139-41FD-ADE8-278FC1DF5E6E}.Debug|Any CPU.Build.0 = Debug|Any CPU
		{7921C24C-2139-41FD-ADE8-278FC1DF5E6E}.Release|Any CPU.ActiveCfg = Release|Any CPU
		{7921C24C-2139-41FD-ADE8-278FC1DF5E6E}.Release|Any CPU.Build.0 = Release|Any CPU
	EndGlobalSection
	GlobalSection(SolutionProperties) = preSolution
		HideSolutionNode = FALSE
	EndGlobalSection
	GlobalSection(ExtensibilityGlobals) = postSolution
		SolutionGuid = {0C50DE97-1035-423A-9251-B6AE0EE46438}
	EndGlobalSection
EndGlobal
