
Microsoft Visual Studio Solution File, Format Version 12.00
# Visual Studio Version 16
VisualStudioVersion = 16.0.31624.102
MinimumVisualStudioVersion = 10.0.40219.1
Project("{FAE04EC0-301F-11D3-BF4B-00C04F79EFBC}") = "AcccountLib", "AcccountLib\AcccountLib.csproj", "{7DCBA27F-7B72-401A-AACE-794D13908007}"
EndProject
Project("{FAE04EC0-301F-11D3-BF4B-00C04F79EFBC}") = "AccountConsoleApp", "AccountConsoleApp\AccountConsoleApp.csproj", "{238BAF74-631A-4ACA-99EC-B0412E95DD89}"
EndProject
Global
	GlobalSection(SolutionConfigurationPlatforms) = preSolution
		Debug|Any CPU = Debug|Any CPU
		Release|Any CPU = Release|Any CPU
	EndGlobalSection
	GlobalSection(ProjectConfigurationPlatforms) = postSolution
		{7DCBA27F-7B72-401A-AACE-794D13908007}.Debug|Any CPU.ActiveCfg = Debug|Any CPU
		{7DCBA27F-7B72-401A-AACE-794D13908007}.Debug|Any CPU.Build.0 = Debug|Any CPU
		{7DCBA27F-7B72-401A-AACE-794D13908007}.Release|Any CPU.ActiveCfg = Release|Any CPU
		{7DCBA27F-7B72-401A-AACE-794D13908007}.Release|Any CPU.Build.0 = Release|Any CPU
		{238BAF74-631A-4ACA-99EC-B0412E95DD89}.Debug|Any CPU.ActiveCfg = Debug|Any CPU
		{238BAF74-631A-4ACA-99EC-B0412E95DD89}.Debug|Any CPU.Build.0 = Debug|Any CPU
		{238BAF74-631A-4ACA-99EC-B0412E95DD89}.Release|Any CPU.ActiveCfg = Release|Any CPU
		{238BAF74-631A-4ACA-99EC-B0412E95DD89}.Release|Any CPU.Build.0 = Release|Any CPU
	EndGlobalSection
	GlobalSection(SolutionProperties) = preSolution
		HideSolutionNode = FALSE
	EndGlobalSection
	GlobalSection(ExtensibilityGlobals) = postSolution
		SolutionGuid = {1C20A027-179F-4DD9-9DF5-F5FE4975D129}
	EndGlobalSection
EndGlobal
