
Microsoft Visual Studio Solution File, Format Version 12.00
# Visual Studio Version 16
VisualStudioVersion = 16.0.31624.102
MinimumVisualStudioVersion = 10.0.40219.1
Project("{FAE04EC0-301F-11D3-BF4B-00C04F79EFBC}") = "CustomAttributeApp", "CustomAttributeApp\CustomAttributeApp.csproj", "{1872902C-A628-4DFD-9D78-A1DCDD466616}"
EndProject
Global
	GlobalSection(SolutionConfigurationPlatforms) = preSolution
		Debug|Any CPU = Debug|Any CPU
		Release|Any CPU = Release|Any CPU
	EndGlobalSection
	GlobalSection(ProjectConfigurationPlatforms) = postSolution
		{1872902C-A628-4DFD-9D78-A1DCDD466616}.Debug|Any CPU.ActiveCfg = Debug|Any CPU
		{1872902C-A628-4DFD-9D78-A1DCDD466616}.Debug|Any CPU.Build.0 = Debug|Any CPU
		{1872902C-A628-4DFD-9D78-A1DCDD466616}.Release|Any CPU.ActiveCfg = Release|Any CPU
		{1872902C-A628-4DFD-9D78-A1DCDD466616}.Release|Any CPU.Build.0 = Release|Any CPU
	EndGlobalSection
	GlobalSection(SolutionProperties) = preSolution
		HideSolutionNode = FALSE
	EndGlobalSection
	GlobalSection(ExtensibilityGlobals) = postSolution
		SolutionGuid = {D40BA901-F690-414A-8C12-2D84CF7F4389}
	EndGlobalSection
EndGlobal
